
Microsoft Visual Studio Solution File, Format Version 12.00
# Visual Studio 15
VisualStudioVersion = 15.0.26430.14
MinimumVisualStudioVersion = 10.0.40219.1
Project("{FAE04EC0-301F-11D3-BF4B-00C04F79EFBC}") = "BebelBaby.Core", "BebelBaby.Core\BebelBaby.Core.csproj", "{C482B211-8BC2-437B-8C0B-415DDB5CE1E5}"
EndProject
Project("{FAE04EC0-301F-11D3-BF4B-00C04F79EFBC}") = "BebelBaby.Service", "BebelBaby.Service\BebelBaby.Service.csproj", "{C7BC33BE-DA7D-41BE-92DC-CAFDE0D4E602}"
EndProject
Project("{FAE04EC0-301F-11D3-BF4B-00C04F79EFBC}") = "BebelBaby.Util", "BebelBaby.Util\BebelBaby.Util.csproj", "{C8FEB0A5-14CC-4728-A7E5-C73D7754A48E}"
EndProject
Project("{FAE04EC0-301F-11D3-BF4B-00C04F79EFBC}") = "BebelBaby.API", "BebelBaby.API\BebelBaby.API.csproj", "{3CE0550E-2883-43A8-B60A-669E13339556}"
EndProject
Project("{FAE04EC0-301F-11D3-BF4B-00C04F79EFBC}") = "BebelBaby.Repository", "BebelBaby.Repository\BebelBaby.Repository.csproj", "{D1BBD9B4-4F1F-4BAA-AFC6-E848EA5A77EA}"
EndProject
Project("{FAE04EC0-301F-11D3-BF4B-00C04F79EFBC}") = "BebelBaby.Core.BusinessRules", "BebelBaby.Core.BusinessRules\BebelBaby.Core.BusinessRules.csproj", "{DCB26867-E3DB-4AF3-931B-EABDF722E192}"
EndProject
Global
	GlobalSection(SolutionConfigurationPlatforms) = preSolution
		Debug|Any CPU = Debug|Any CPU
		Release|Any CPU = Release|Any CPU
	EndGlobalSection
	GlobalSection(ProjectConfigurationPlatforms) = postSolution
		{C482B211-8BC2-437B-8C0B-415DDB5CE1E5}.Debug|Any CPU.ActiveCfg = Debug|Any CPU
		{C482B211-8BC2-437B-8C0B-415DDB5CE1E5}.Debug|Any CPU.Build.0 = Debug|Any CPU
		{C482B211-8BC2-437B-8C0B-415DDB5CE1E5}.Release|Any CPU.ActiveCfg = Release|Any CPU
		{C482B211-8BC2-437B-8C0B-415DDB5CE1E5}.Release|Any CPU.Build.0 = Release|Any CPU
		{C7BC33BE-DA7D-41BE-92DC-CAFDE0D4E602}.Debug|Any CPU.ActiveCfg = Debug|Any CPU
		{C7BC33BE-DA7D-41BE-92DC-CAFDE0D4E602}.Debug|Any CPU.Build.0 = Debug|Any CPU
		{C7BC33BE-DA7D-41BE-92DC-CAFDE0D4E602}.Release|Any CPU.ActiveCfg = Release|Any CPU
		{C7BC33BE-DA7D-41BE-92DC-CAFDE0D4E602}.Release|Any CPU.Build.0 = Release|Any CPU
		{C8FEB0A5-14CC-4728-A7E5-C73D7754A48E}.Debug|Any CPU.ActiveCfg = Debug|Any CPU
		{C8FEB0A5-14CC-4728-A7E5-C73D7754A48E}.Debug|Any CPU.Build.0 = Debug|Any CPU
		{C8FEB0A5-14CC-4728-A7E5-C73D7754A48E}.Release|Any CPU.ActiveCfg = Release|Any CPU
		{C8FEB0A5-14CC-4728-A7E5-C73D7754A48E}.Release|Any CPU.Build.0 = Release|Any CPU
		{3CE0550E-2883-43A8-B60A-669E13339556}.Debug|Any CPU.ActiveCfg = Debug|Any CPU
		{3CE0550E-2883-43A8-B60A-669E13339556}.Debug|Any CPU.Build.0 = Debug|Any CPU
		{3CE0550E-2883-43A8-B60A-669E13339556}.Release|Any CPU.ActiveCfg = Release|Any CPU
		{3CE0550E-2883-43A8-B60A-669E13339556}.Release|Any CPU.Build.0 = Release|Any CPU
		{D1BBD9B4-4F1F-4BAA-AFC6-E848EA5A77EA}.Debug|Any CPU.ActiveCfg = Debug|Any CPU
		{D1BBD9B4-4F1F-4BAA-AFC6-E848EA5A77EA}.Debug|Any CPU.Build.0 = Debug|Any CPU
		{D1BBD9B4-4F1F-4BAA-AFC6-E848EA5A77EA}.Release|Any CPU.ActiveCfg = Release|Any CPU
		{D1BBD9B4-4F1F-4BAA-AFC6-E848EA5A77EA}.Release|Any CPU.Build.0 = Release|Any CPU
		{DCB26867-E3DB-4AF3-931B-EABDF722E192}.Debug|Any CPU.ActiveCfg = Debug|Any CPU
		{DCB26867-E3DB-4AF3-931B-EABDF722E192}.Debug|Any CPU.Build.0 = Debug|Any CPU
		{DCB26867-E3DB-4AF3-931B-EABDF722E192}.Release|Any CPU.ActiveCfg = Release|Any CPU
		{DCB26867-E3DB-4AF3-931B-EABDF722E192}.Release|Any CPU.Build.0 = Release|Any CPU
	EndGlobalSection
	GlobalSection(SolutionProperties) = preSolution
		HideSolutionNode = FALSE
	EndGlobalSection
EndGlobal
